
Microsoft Visual Studio Solution File, Format Version 12.00
# Visual Studio Version 16
VisualStudioVersion = 16.0.30907.101
MinimumVisualStudioVersion = 10.0.40219.1
Project("{FAE04EC0-301F-11D3-BF4B-00C04F79EFBC}") = "Biblioteca.Business", "src\Biblioteca.Business\Biblioteca.Business.csproj", "{67CF61B3-2B90-4600-B359-9A42A58A8DCB}"
EndProject
Project("{FAE04EC0-301F-11D3-BF4B-00C04F79EFBC}") = "Biblioteca.Data", "src\Biblioteca.Data\Biblioteca.Data.csproj", "{DE3C8CA8-BCFA-49F2-B082-DEDBBB111C98}"
EndProject
Project("{FAE04EC0-301F-11D3-BF4B-00C04F79EFBC}") = "Biblioteca.Api", "src\Biblioteca.Api\Biblioteca.Api.csproj", "{08BB1DAF-3EA5-48E3-B807-EB4FEB49731E}"
EndProject
Global
	GlobalSection(SolutionConfigurationPlatforms) = preSolution
		Debug|Any CPU = Debug|Any CPU
		Release|Any CPU = Release|Any CPU
	EndGlobalSection
	GlobalSection(ProjectConfigurationPlatforms) = postSolution
		{67CF61B3-2B90-4600-B359-9A42A58A8DCB}.Debug|Any CPU.ActiveCfg = Debug|Any CPU
		{67CF61B3-2B90-4600-B359-9A42A58A8DCB}.Debug|Any CPU.Build.0 = Debug|Any CPU
		{67CF61B3-2B90-4600-B359-9A42A58A8DCB}.Release|Any CPU.ActiveCfg = Release|Any CPU
		{67CF61B3-2B90-4600-B359-9A42A58A8DCB}.Release|Any CPU.Build.0 = Release|Any CPU
		{DE3C8CA8-BCFA-49F2-B082-DEDBBB111C98}.Debug|Any CPU.ActiveCfg = Debug|Any CPU
		{DE3C8CA8-BCFA-49F2-B082-DEDBBB111C98}.Debug|Any CPU.Build.0 = Debug|Any CPU
		{DE3C8CA8-BCFA-49F2-B082-DEDBBB111C98}.Release|Any CPU.ActiveCfg = Release|Any CPU
		{DE3C8CA8-BCFA-49F2-B082-DEDBBB111C98}.Release|Any CPU.Build.0 = Release|Any CPU
		{08BB1DAF-3EA5-48E3-B807-EB4FEB49731E}.Debug|Any CPU.ActiveCfg = Debug|Any CPU
		{08BB1DAF-3EA5-48E3-B807-EB4FEB49731E}.Debug|Any CPU.Build.0 = Debug|Any CPU
		{08BB1DAF-3EA5-48E3-B807-EB4FEB49731E}.Release|Any CPU.ActiveCfg = Release|Any CPU
		{08BB1DAF-3EA5-48E3-B807-EB4FEB49731E}.Release|Any CPU.Build.0 = Release|Any CPU
	EndGlobalSection
	GlobalSection(SolutionProperties) = preSolution
		HideSolutionNode = FALSE
	EndGlobalSection
	GlobalSection(ExtensibilityGlobals) = postSolution
		SolutionGuid = {25734C69-7108-45F2-A063-176FC1C07A42}
	EndGlobalSection
EndGlobal
